
Microsoft Visual Studio Solution File, Format Version 12.00
Project("{FAE04EC0-301F-11D3-BF4B-00C04F79EFBC}") = "tofurahieExt", "tofurahieExt\tofurahieExt.csproj", "{234BC34B-1BBF-4742-BAC7-810D4033437E}"
EndProject
Global
	GlobalSection(SolutionConfigurationPlatforms) = preSolution
		Debug|Any CPU = Debug|Any CPU
		Release|Any CPU = Release|Any CPU
	EndGlobalSection
	GlobalSection(ProjectConfigurationPlatforms) = postSolution
		{234BC34B-1BBF-4742-BAC7-810D4033437E}.Debug|Any CPU.ActiveCfg = Debug|Any CPU
		{234BC34B-1BBF-4742-BAC7-810D4033437E}.Debug|Any CPU.Build.0 = Debug|Any CPU
		{234BC34B-1BBF-4742-BAC7-810D4033437E}.Release|Any CPU.ActiveCfg = Release|Any CPU
		{234BC34B-1BBF-4742-BAC7-810D4033437E}.Release|Any CPU.Build.0 = Release|Any CPU
	EndGlobalSection
EndGlobal
